PODS:
  - CocoaAsyncSocket (7.4.3):
    - CocoaAsyncSocket/All (= 7.4.3)
  - CocoaAsyncSocket/All (7.4.3):
    - CocoaAsyncSocket/GCD
    - CocoaAsyncSocket/RunLoop
  - CocoaAsyncSocket/GCD (7.4.3)
  - CocoaAsyncSocket/RunLoop (7.4.3)

DEPENDENCIES:
  - CocoaAsyncSocket (~> 7.4.1)

SPEC CHECKSUMS:
  CocoaAsyncSocket: a18c75dca4b08723628a0bacca6e94803d90be91

PODFILE CHECKSUM: 255ff6b80f9f9ded138b1e1bf1dfa3f9a706c396

COCOAPODS: 1.0.0
