// !$*UTF8*$!
{
	archiveVersion = 1;
	classes = {
	};
	objectVersion = 46;
	objects = {

/* Begin PBXBuildFile section */
		DB05EAE91DACC0E4000F99A5 /* main.m in Sources */ = {isa = PBXBuildFile; fileRef = DB05EAE81DACC0E4000F99A5 /* main.m */; };
		DB05EAEC1DACC0E4000F99A5 /* AppDelegate.m in Sources */ = {isa = PBXBuildFile; fileRef = DB05EAEB1DACC0E4000F99A5 /* AppDelegate.m */; };
		DB05EAEF1DACC0E4000F99A5 /* ViewController.m in Sources */ = {isa = PBXBuildFile; fileRef = DB05EAEE1DACC0E4000F99A5 /* ViewController.m */; };
		DB05EAF21DACC0E4000F99A5 /* Main.storyboard in Resources */ = {isa = PBXBuildFile; fileRef = DB05EAF01DACC0E4000F99A5 /* Main.storyboard */; };
		DB05EAF41DACC0E4000F99A5 /* Assets.xcassets in Resources */ = {isa = PBXBuildFile; fileRef = DB05EAF31DACC0E4000F99A5 /* Assets.xcassets */; };
		DB05EAF71DACC0E4000F99A5 /* LaunchScreen.storyboard in Resources */ = {isa = PBXBuildFile; fileRef = DB05EAF51DACC0E4000F99A5 /* LaunchScreen.storyboard */; };
		DB05EB021DACC0E4000F99A5 /* OperationQueueTests.m in Sources */ = {isa = PBXBuildFile; fileRef = DB05EB011DACC0E4000F99A5 /* OperationQueueTests.m */; };
		DB05EB0D1DACC0E4000F99A5 /* OperationQueueUITests.m in Sources */ = {isa = PBXBuildFile; fileRef = DB05EB0C1DACC0E4000F99A5 /* OperationQueueUITests.m */; };
		DB05EB1C1DACC1A2000F99A5 /* TestOperation.m in Sources */ = {isa = PBXBuildFile; fileRef = DB05EB1B1DACC1A2000F99A5 /* TestOperation.m */; };
		DB649C411DACDC8E008C1B92 /* TestEngine.m in Sources */ = {isa = PBXBuildFile; fileRef = DB649C401DACDC8E008C1B92 /* TestEngine.m */; };
/* End PBXBuildFile section */

/* Begin PBXContainerItemProxy section */
		DB05EAFE1DACC0E4000F99A5 /* PBXContainerItemProxy */ = {
			isa = PBXContainerItemProxy;
			containerPortal = DB05EADC1DACC0E4000F99A5 /* Project object */;
			proxyType = 1;
			remoteGlobalIDString = DB05EAE31DACC0E4000F99A5;
			remoteInfo = OperationQueue;
		};
		DB05EB091DACC0E4000F99A5 /* PBXContainerItemProxy */ = {
			isa = PBXContainerItemProxy;
			containerPortal = DB05EADC1DACC0E4000F99A5 /* Project object */;
			proxyType = 1;
			remoteGlobalIDString = DB05EAE31DACC0E4000F99A5;
			remoteInfo = OperationQueue;
		};
/* End PBXContainerItemProxy section */

/* Begin PBXFileReference section */
		DB05EAE41DACC0E4000F99A5 /* OperationQueue.app */ = {isa = PBXFileReference; explicitFileType = wrapper.application; includeInIndex = 0; path = OperationQueue.app; sourceTree = BUILT_PRODUCTS_DIR; };
		DB05EAE81DACC0E4000F99A5 /* main.m */ = {isa = PBXFileReference; lastKnownFileType = sourcecode.c.objc; path = main.m; sourceTree = "<group>"; };
		DB05EAEA1DACC0E4000F99A5 /* AppDelegate.h */ = {isa = PBXFileReference; lastKnownFileType = sourcecode.c.h; path = AppDelegate.h; sourceTree = "<group>"; };
		DB05EAEB1DACC0E4000F99A5 /* AppDelegate.m */ = {isa = PBXFileReference; lastKnownFileType = sourcecode.c.objc; path = AppDelegate.m; sourceTree = "<group>"; };
		DB05EAED1DACC0E4000F99A5 /* ViewController.h */ = {isa = PBXFileReference; lastKnownFileType = sourcecode.c.h; path = ViewController.h; sourceTree = "<group>"; };
		DB05EAEE1DACC0E4000F99A5 /* ViewController.m */ = {isa = PBXFileReference; lastKnownFileType = sourcecode.c.objc; path = ViewController.m; sourceTree = "<group>"; };
		DB05EAF11DACC0E4000F99A5 /* Base */ = {isa = PBXFileReference; lastKnownFileType = file.storyboard; name = Base; path = Base.lproj/Main.storyboard; sourceTree = "<group>"; };
		DB05EAF31DACC0E4000F99A5 /* Assets.xcassets */ = {isa = PBXFileReference; lastKnownFileType = folder.assetcatalog; path = Assets.xcassets; sourceTree = "<group>"; };
		DB05EAF61DACC0E4000F99A5 /* Base */ = {isa = PBXFileReference; lastKnownFileType = file.storyboard; name = Base; path = Base.lproj/LaunchScreen.storyboard; sourceTree = "<group>"; };
		DB05EAF81DACC0E4000F99A5 /* Info.plist */ = {isa = PBXFileReference; lastKnownFileType = text.plist.xml; path = Info.plist; sourceTree = "<group>"; };
		DB05EAFD1DACC0E4000F99A5 /* OperationQueueTests.xctest */ = {isa = PBXFileReference; explicitFileType = wrapper.cfbundle; includeInIndex = 0; path = OperationQueueTests.xctest; sourceTree = BUILT_PRODUCTS_DIR; };
		DB05EB011DACC0E4000F99A5 /* OperationQueueTests.m */ = {isa = PBXFileReference; lastKnownFileType = sourcecode.c.objc; path = OperationQueueTests.m; sourceTree = "<group>"; };
		DB05EB031DACC0E4000F99A5 /* Info.plist */ = {isa = PBXFileReference; lastKnownFileType = text.plist.xml; path = Info.plist; sourceTree = "<group>"; };
		DB05EB081DACC0E4000F99A5 /* OperationQueueUITests.xctest */ = {isa = PBXFileReference; explicitFileType = wrapper.cfbundle; includeInIndex = 0; path = OperationQueueUITests.xctest; sourceTree = BUILT_PRODUCTS_DIR; };
		DB05EB0C1DACC0E4000F99A5 /* OperationQueueUITests.m */ = {isa = PBXFileReference; lastKnownFileType = sourcecode.c.objc; path = OperationQueueUITests.m; sourceTree = "<group>"; };
		DB05EB0E1DACC0E4000F99A5 /* Info.plist */ = {isa = PBXFileReference; lastKnownFileType = text.plist.xml; path = Info.plist; sourceTree = "<group>"; };
		DB05EB1A1DACC1A2000F99A5 /* TestOperation.h */ = {isa = PBXFileReference; fileEncoding = 4; lastKnownFileType = sourcecode.c.h; path = TestOperation.h; sourceTree = "<group>"; };
		DB05EB1B1DACC1A2000F99A5 /* TestOperation.m */ = {isa = PBXFileReference; fileEncoding = 4; lastKnownFileType = sourcecode.c.objc; path = TestOperation.m; sourceTree = "<group>"; };
		DB649C3F1DACDC8E008C1B92 /* TestEngine.h */ = {isa = PBXFileReference; fileEncoding = 4; lastKnownFileType = sourcecode.c.h; path = TestEngine.h; sourceTree = "<group>"; };
		DB649C401DACDC8E008C1B92 /* TestEngine.m */ = {isa = PBXFileReference; fileEncoding = 4; lastKnownFileType = sourcecode.c.objc; path = TestEngine.m; sourceTree = "<group>"; };
/* End PBXFileReference section */

/* Begin PBXFrameworksBuildPhase section */
		DB05EAE11DACC0E4000F99A5 /* Frameworks */ = {
			isa = PBXFrameworksBuildPhase;
			buildActionMask = 2147483647;
			files = (
			);
			runOnlyForDeploymentPostprocessing = 0;
		};
		DB05EAFA1DACC0E4000F99A5 /* Frameworks */ = {
			isa = PBXFrameworksBuildPhase;
			buildActionMask = 2147483647;
			files = (
			);
			runOnlyForDeploymentPostprocessing = 0;
		};
		DB05EB051DACC0E4000F99A5 /* Frameworks */ = {
			isa = PBXFrameworksBuildPhase;
			buildActionMask = 2147483647;
			files = (
			);
			runOnlyForDeploymentPostprocessing = 0;
		};
/* End PBXFrameworksBuildPhase section */

/* Begin PBXGroup section */
		DB05EADB1DACC0E4000F99A5 = {
			isa = PBXGroup;
			children = (
				DB05EAE61DACC0E4000F99A5 /* OperationQueue */,
				DB05EB001DACC0E4000F99A5 /* OperationQueueTests */,
				DB05EB0B1DACC0E4000F99A5 /* OperationQueueUITests */,
				DB05EAE51DACC0E4000F99A5 /* Products */,
			);
			sourceTree = "<group>";
		};
		DB05EAE51DACC0E4000F99A5 /* Products */ = {
			isa = PBXGroup;
			children = (
				DB05EAE41DACC0E4000F99A5 /* OperationQueue.app */,
				DB05EAFD1DACC0E4000F99A5 /* OperationQueueTests.xctest */,
				DB05EB081DACC0E4000F99A5 /* OperationQueueUITests.xctest */,
			);
			name = Products;
			sourceTree = "<group>";
		};
		DB05EAE61DACC0E4000F99A5 /* OperationQueue */ = {
			isa = PBXGroup;
			children = (
				DB649C3F1DACDC8E008C1B92 /* TestEngine.h */,
				DB649C401DACDC8E008C1B92 /* TestEngine.m */,
				DB05EB1A1DACC1A2000F99A5 /* TestOperation.h */,
				DB05EB1B1DACC1A2000F99A5 /* TestOperation.m */,
				DB05EAEA1DACC0E4000F99A5 /* AppDelegate.h */,
				DB05EAEB1DACC0E4000F99A5 /* AppDelegate.m */,
				DB05EAED1DACC0E4000F99A5 /* ViewController.h */,
				DB05EAEE1DACC0E4000F99A5 /* ViewController.m */,
				DB05EAF01DACC0E4000F99A5 /* Main.storyboard */,
				DB05EAF31DACC0E4000F99A5 /* Assets.xcassets */,
				DB05EAF51DACC0E4000F99A5 /* LaunchScreen.storyboard */,
				DB05EAF81DACC0E4000F99A5 /* Info.plist */,
				DB05EAE71DACC0E4000F99A5 /* Supporting Files */,
			);
			path = OperationQueue;
			sourceTree = "<group>";
		};
		DB05EAE71DACC0E4000F99A5 /* Supporting Files */ = {
			isa = PBXGroup;
			children = (
				DB05EAE81DACC0E4000F99A5 /* main.m */,
			);
			name = "Supporting Files";
			sourceTree = "<group>";
		};
		DB05EB001DACC0E4000F99A5 /* OperationQueueTests */ = {
			isa = PBXGroup;
			children = (
				DB05EB011DACC0E4000F99A5 /* OperationQueueTests.m */,
				DB05EB031DACC0E4000F99A5 /* Info.plist */,
			);
			path = OperationQueueTests;
			sourceTree = "<group>";
		};
		DB05EB0B1DACC0E4000F99A5 /* OperationQueueUITests */ = {
			isa = PBXGroup;
			children = (
				DB05EB0C1DACC0E4000F99A5 /* OperationQueueUITests.m */,
				DB05EB0E1DACC0E4000F99A5 /* Info.plist */,
			);
			path = OperationQueueUITests;
			sourceTree = "<group>";
		};
/* End PBXGroup section */

/* Begin PBXNativeTarget section */
		DB05EAE31DACC0E4000F99A5 /* OperationQueue */ = {
			isa = PBXNativeTarget;
			buildConfigurationList = DB05EB111DACC0E4000F99A5 /* Build configuration list for PBXNativeTarget "OperationQueue" */;
			buildPhases = (
				DB05EAE01DACC0E4000F99A5 /* Sources */,
				DB05EAE11DACC0E4000F99A5 /* Frameworks */,
				DB05EAE21DACC0E4000F99A5 /* Resources */,
			);
			buildRules = (
			);
			dependencies = (
			);
			name = OperationQueue;
			productName = OperationQueue;
			productReference = DB05EAE41DACC0E4000F99A5 /* OperationQueue.app */;
			productType = "com.apple.product-type.application";
		};
		DB05EAFC1DACC0E4000F99A5 /* OperationQueueTests */ = {
			isa = PBXNativeTarget;
			buildConfigurationList = DB05EB141DACC0E4000F99A5 /* Build configuration list for PBXNativeTarget "OperationQueueTests" */;
			buildPhases = (
				DB05EAF91DACC0E4000F99A5 /* Sources */,
				DB05EAFA1DACC0E4000F99A5 /* Frameworks */,
				DB05EAFB1DACC0E4000F99A5 /* Resources */,
			);
			buildRules = (
			);
			dependencies = (
				DB05EAFF1DACC0E4000F99A5 /* PBXTargetDependency */,
			);
			name = OperationQueueTests;
			productName = OperationQueueTests;
			productReference = DB05EAFD1DACC0E4000F99A5 /* OperationQueueTests.xctest */;
			productType = "com.apple.product-type.bundle.unit-test";
		};
		DB05EB071DACC0E4000F99A5 /* OperationQueueUITests */ = {
			isa = PBXNativeTarget;
			buildConfigurationList = DB05EB171DACC0E4000F99A5 /* Build configuration list for PBXNativeTarget "OperationQueueUITests" */;
			buildPhases = (
				DB05EB041DACC0E4000F99A5 /* Sources */,
				DB05EB051DACC0E4000F99A5 /* Frameworks */,
				DB05EB061DACC0E4000F99A5 /* Resources */,
			);
			buildRules = (
			);
			dependencies = (
				DB05EB0A1DACC0E4000F99A5 /* PBXTargetDependency */,
			);
			name = OperationQueueUITests;
			productName = OperationQueueUITests;
			productReference = DB05EB081DACC0E4000F99A5 /* OperationQueueUITests.xctest */;
			productType = "com.apple.product-type.bundle.ui-testing";
		};
/* End PBXNativeTarget section */

/* Begin PBXProject section */
		DB05EADC1DACC0E4000F99A5 /* Project object */ = {
			isa = PBXProject;
			attributes = {
				LastUpgradeCheck = 0800;
				ORGANIZATIONNAME = com.V2.Telescope;
				TargetAttributes = {
					DB05EAE31DACC0E4000F99A5 = {
						CreatedOnToolsVersion = 8.0;
						ProvisioningStyle = Automatic;
					};
					DB05EAFC1DACC0E4000F99A5 = {
						CreatedOnToolsVersion = 8.0;
						ProvisioningStyle = Automatic;
						TestTargetID = DB05EAE31DACC0E4000F99A5;
					};
					DB05EB071DACC0E4000F99A5 = {
						CreatedOnToolsVersion = 8.0;
						ProvisioningStyle = Automatic;
						TestTargetID = DB05EAE31DACC0E4000F99A5;
					};
				};
			};
			buildConfigurationList = DB05EADF1DACC0E4000F99A5 /* Build configuration list for PBXProject "OperationQueue" */;
			compatibilityVersion = "Xcode 3.2";
			developmentRegion = English;
			hasScannedForEncodings = 0;
			knownRegions = (
				en,
				Base,
			);
			mainGroup = DB05EADB1DACC0E4000F99A5;
			productRefGroup = DB05EAE51DACC0E4000F99A5 /* Products */;
			projectDirPath = "";
			projectRoot = "";
			targets = (
				DB05EAE31DACC0E4000F99A5 /* OperationQueue */,
				DB05EAFC1DACC0E4000F99A5 /* OperationQueueTests */,
				DB05EB071DACC0E4000F99A5 /* OperationQueueUITests */,
			);
		};
/* End PBXProject section */

/* Begin PBXResourcesBuildPhase section */
		DB05EAE21DACC0E4000F99A5 /* Resources */ = {
			isa = PBXResourcesBuildPhase;
			buildActionMask = 2147483647;
			files = (
				DB05EAF71DACC0E4000F99A5 /* LaunchScreen.storyboard in Resources */,
				DB05EAF41DACC0E4000F99A5 /* Assets.xcassets in Resources */,
				DB05EAF21DACC0E4000F99A5 /* Main.storyboard in Resources */,
			);
			runOnlyForDeploymentPostprocessing = 0;
		};
		DB05EAFB1DACC0E4000F99A5 /* Resources */ = {
			isa = PBXResourcesBuildPhase;
			buildActionMask = 2147483647;
			files = (
			);
			runOnlyForDeploymentPostprocessing = 0;
		};
		DB05EB061DACC0E4000F99A5 /* Resources */ = {
			isa = PBXResourcesBuildPhase;
			buildActionMask = 2147483647;
			files = (
			);
			runOnlyForDeploymentPostprocessing = 0;
		};
/* End PBXResourcesBuildPhase section */

/* Begin PBXSourcesBuildPhase section */
		DB05EAE01DACC0E4000F99A5 /* Sources */ = {
			isa = PBXSourcesBuildPhase;
			buildActionMask = 2147483647;
			files = (
				DB649C411DACDC8E008C1B92 /* TestEngine.m in Sources */,
				DB05EAEF1DACC0E4000F99A5 /* ViewController.m in Sources */,
				DB05EAEC1DACC0E4000F99A5 /* AppDelegate.m in Sources */,
				DB05EAE91DACC0E4000F99A5 /* main.m in Sources */,
				DB05EB1C1DACC1A2000F99A5 /* TestOperation.m in Sources */,
			);
			runOnlyForDeploymentPostprocessing = 0;
		};
		DB05EAF91DACC0E4000F99A5 /* Sources */ = {
			isa = PBXSourcesBuildPhase;
			buildActionMask = 2147483647;
			files = (
				DB05EB021DACC0E4000F99A5 /* OperationQueueTests.m in Sources */,
			);
			runOnlyForDeploymentPostprocessing = 0;
		};
		DB05EB041DACC0E4000F99A5 /* Sources */ = {
			isa = PBXSourcesBuildPhase;
			buildActionMask = 2147483647;
			files = (
				DB05EB0D1DACC0E4000F99A5 /* OperationQueueUITests.m in Sources */,
			);
			runOnlyForDeploymentPostprocessing = 0;
		};
/* End PBXSourcesBuildPhase section */

/* Begin PBXTargetDependency section */
		DB05EAFF1DACC0E4000F99A5 /* PBXTargetDependency */ = {
			isa = PBXTargetDependency;
			target = DB05EAE31DACC0E4000F99A5 /* OperationQueue */;
			targetProxy = DB05EAFE1DACC0E4000F99A5 /* PBXContainerItemProxy */;
		};
		DB05EB0A1DACC0E4000F99A5 /* PBXTargetDependency */ = {
			isa = PBXTargetDependency;
			target = DB05EAE31DACC0E4000F99A5 /* OperationQueue */;
			targetProxy = DB05EB091DACC0E4000F99A5 /* PBXContainerItemProxy */;
		};
/* End PBXTargetDependency section */

/* Begin PBXVariantGroup section */
		DB05EAF01DACC0E4000F99A5 /* Main.storyboard */ = {
			isa = PBXVariantGroup;
			children = (
				DB05EAF11DACC0E4000F99A5 /* Base */,
			);
			name = Main.storyboard;
			sourceTree = "<group>";
		};
		DB05EAF51DACC0E4000F99A5 /* LaunchScreen.storyboard */ = {
			isa = PBXVariantGroup;
			children = (
				DB05EAF61DACC0E4000F99A5 /* Base */,
			);
			name = LaunchScreen.storyboard;
			sourceTree = "<group>";
		};
/* End PBXVariantGroup section */

/* Begin XCBuildConfiguration section */
		DB05EB0F1DACC0E4000F99A5 /* Debug */ = {
			isa = XCBuildConfiguration;
			buildSettings = {
				ALWAYS_SEARCH_USER_PATHS = NO;
				CLANG_ANALYZER_NONNULL = YES;
				CLANG_CXX_LANGUAGE_STANDARD = "gnu++0x";
				CLANG_CXX_LIBRARY = "libc++";
				CLANG_ENABLE_MODULES = YES;
				CLANG_ENABLE_OBJC_ARC = YES;
				CLANG_WARN_BOOL_CONVERSION = YES;
				CLANG_WARN_CONSTANT_CONVERSION = YES;
				CLANG_WARN_DIRECT_OBJC_ISA_USAGE = YES_ERROR;
				CLANG_WARN_DOCUMENTATION_COMMENTS = YES;
				CLANG_WARN_EMPTY_BODY = YES;
				CLANG_WARN_ENUM_CONVERSION = YES;
				CLANG_WARN_INFINITE_RECURSION = YES;
				CLANG_WARN_INT_CONVERSION = YES;
				CLANG_WARN_OBJC_ROOT_CLASS = YES_ERROR;
				CLANG_WARN_SUSPICIOUS_MOVES = YES;
				CLANG_WARN_UNREACHABLE_CODE = YES;
				CLANG_WARN__DUPLICATE_METHOD_MATCH = YES;
				"CODE_SIGN_IDENTITY[sdk=iphoneos*]" = "iPhone Developer";
				COPY_PHASE_STRIP = NO;
				DEBUG_INFORMATION_FORMAT = dwarf;
				ENABLE_STRICT_OBJC_MSGSEND = YES;
				ENABLE_TESTABILITY = YES;
				GCC_C_LANGUAGE_STANDARD = gnu99;
				GCC_DYNAMIC_NO_PIC = NO;
				GCC_NO_COMMON_BLOCKS = YES;
				GCC_OPTIMIZATION_LEVEL = 0;
				GCC_PREPROCESSOR_DEFINITIONS = (
					"DEBUG=1",
					"$(inherited)",
				);
				GCC_WARN_64_TO_32_BIT_CONVERSION = YES;
				GCC_WARN_ABOUT_RETURN_TYPE = YES_ERROR;
				GCC_WARN_UNDECLARED_SELECTOR = YES;
				GCC_WARN_UNINITIALIZED_AUTOS = YES_AGGRESSIVE;
				GCC_WARN_UNUSED_FUNCTION = YES;
				GCC_WARN_UNUSED_VARIABLE = YES;
				IPHONEOS_DEPLOYMENT_TARGET = 10.0;
				MTL_ENABLE_DEBUG_INFO = YES;
				ONLY_ACTIVE_ARCH = YES;
				SDKROOT = iphoneos;
				TARGETED_DEVICE_FAMILY = "1,2";
			};
			name = Debug;
		};
		DB05EB101DACC0E4000F99A5 /* Release */ = {
			isa = XCBuildConfiguration;
			buildSettings = {
				ALWAYS_SEARCH_USER_PATHS = NO;
				CLANG_ANALYZER_NONNULL = YES;
				CLANG_CXX_LANGUAGE_STANDARD = "gnu++0x";
				CLANG_CXX_LIBRARY = "libc++";
				CLANG_ENABLE_MODULES = YES;
				CLANG_ENABLE_OBJC_ARC = YES;
				CLANG_WARN_BOOL_CONVERSION = YES;
				CLANG_WARN_CONSTANT_CONVERSION = YES;
				CLANG_WARN_DIRECT_OBJC_ISA_USAGE = YES_ERROR;
				CLANG_WARN_DOCUMENTATION_COMMENTS = YES;
				CLANG_WARN_EMPTY_BODY = YES;
				CLANG_WARN_ENUM_CONVERSION = YES;
				CLANG_WARN_INFINITE_RECURSION = YES;
				CLANG_WARN_INT_CONVERSION = YES;
				CLANG_WARN_OBJC_ROOT_CLASS = YES_ERROR;
				CLANG_WARN_SUSPICIOUS_MOVES = YES;
				CLANG_WARN_UNREACHABLE_CODE = YES;
				CLANG_WARN__DUPLICATE_METHOD_MATCH = YES;
				"CODE_SIGN_IDENTITY[sdk=iphoneos*]" = "iPhone Developer";
				COPY_PHASE_STRIP = NO;
				DEBUG_INFORMATION_FORMAT = "dwarf-with-dsym";
				ENABLE_NS_ASSERTIONS = NO;
				ENABLE_STRICT_OBJC_MSGSEND = YES;
				GCC_C_LANGUAGE_STANDARD = gnu99;
				GCC_NO_COMMON_BLOCKS = YES;
				GCC_WARN_64_TO_32_BIT_CONVERSION = YES;
				GCC_WARN_ABOUT_RETURN_TYPE = YES_ERROR;
				GCC_WARN_UNDECLARED_SELECTOR = YES;
				GCC_WARN_UNINITIALIZED_AUTOS = YES_AGGRESSIVE;
				GCC_WARN_UNUSED_FUNCTION = YES;
				GCC_WARN_UNUSED_VARIABLE = YES;
				IPHONEOS_DEPLOYMENT_TARGET = 10.0;
				MTL_ENABLE_DEBUG_INFO = NO;
				SDKROOT = iphoneos;
				TARGETED_DEVICE_FAMILY = "1,2";
				VALIDATE_PRODUCT = YES;
			};
			name = Release;
		};
		DB05EB121DACC0E4000F99A5 /* Debug */ = {
			isa = XCBuildConfiguration;
			buildSettings = {
				ASSETCATALOG_COMPILER_APPICON_NAME = AppIcon;
				INFOPLIST_FILE = OperationQueue/Info.plist;
				LD_RUNPATH_SEARCH_PATHS = "$(inherited) @executable_path/Frameworks";
				PRODUCT_BUNDLE_IDENTIFIER = Telescope.OperationQueue;
				PRODUCT_NAME = "$(TARGET_NAME)";
			};
			name = Debug;
		};
		DB05EB131DACC0E4000F99A5 /* Release */ = {
			isa = XCBuildConfiguration;
			buildSettings = {
				ASSETCATALOG_COMPILER_APPICON_NAME = AppIcon;
				INFOPLIST_FILE = OperationQueue/Info.plist;
				LD_RUNPATH_SEARCH_PATHS = "$(inherited) @executable_path/Frameworks";
				PRODUCT_BUNDLE_IDENTIFIER = Telescope.OperationQueue;
				PRODUCT_NAME = "$(TARGET_NAME)";
			};
			name = Release;
		};
		DB05EB151DACC0E4000F99A5 /* Debug */ = {
			isa = XCBuildConfiguration;
			buildSettings = {
				BUNDLE_LOADER = "$(TEST_HOST)";
				INFOPLIST_FILE = OperationQueueTests/Info.plist;
				LD_RUNPATH_SEARCH_PATHS = "$(inherited) @executable_path/Frameworks @loader_path/Frameworks";
				PRODUCT_BUNDLE_IDENTIFIER = Telescope.OperationQueueTests;
				PRODUCT_NAME = "$(TARGET_NAME)";
				TEST_HOST = "$(BUILT_PRODUCTS_DIR)/OperationQueue.app/OperationQueue";
			};
			name = Debug;
		};
		DB05EB161DACC0E4000F99A5 /* Release */ = {
			isa = XCBuildConfiguration;
			buildSettings = {
				BUNDLE_LOADER = "$(TEST_HOST)";
				INFOPLIST_FILE = OperationQueueTests/Info.plist;
				LD_RUNPATH_SEARCH_PATHS = "$(inherited) @executable_path/Frameworks @loader_path/Frameworks";
				PRODUCT_BUNDLE_IDENTIFIER = Telescope.OperationQueueTests;
				PRODUCT_NAME = "$(TARGET_NAME)";
				TEST_HOST = "$(BUILT_PRODUCTS_DIR)/OperationQueue.app/OperationQueue";
			};
			name = Release;
		};
		DB05EB181DACC0E4000F99A5 /* Debug */ = {
			isa = XCBuildConfiguration;
			buildSettings = {
				INFOPLIST_FILE = OperationQueueUITests/Info.plist;
				LD_RUNPATH_SEARCH_PATHS = "$(inherited) @executable_path/Frameworks @loader_path/Frameworks";
				PRODUCT_BUNDLE_IDENTIFIER = Telescope.OperationQueueUITests;
				PRODUCT_NAME = "$(TARGET_NAME)";
				TEST_TARGET_NAME = OperationQueue;
			};
			name = Debug;
		};
		DB05EB191DACC0E4000F99A5 /* Release */ = {
			isa = XCBuildConfiguration;
			buildSettings = {
				INFOPLIST_FILE = OperationQueueUITests/Info.plist;
				LD_RUNPATH_SEARCH_PATHS = "$(inherited) @executable_path/Frameworks @loader_path/Frameworks";
				PRODUCT_BUNDLE_IDENTIFIER = Telescope.OperationQueueUITests;
				PRODUCT_NAME = "$(TARGET_NAME)";
				TEST_TARGET_NAME = OperationQueue;
			};
			name = Release;
		};
/* End XCBuildConfiguration section */

/* Begin XCConfigurationList section */
		DB05EADF1DACC0E4000F99A5 /* Build configuration list for PBXProject "OperationQueue" */ = {
			isa = XCConfigurationList;
			buildConfigurations = (
				DB05EB0F1DACC0E4000F99A5 /* Debug */,
				DB05EB101DACC0E4000F99A5 /* Release */,
			);
			defaultConfigurationIsVisible = 0;
			defaultConfigurationName = Release;
		};
		DB05EB111DACC0E4000F99A5 /* Build configuration list for PBXNativeTarget "OperationQueue" */ = {
			isa = XCConfigurationList;
			buildConfigurations = (
				DB05EB121DACC0E4000F99A5 /* Debug */,
				DB05EB131DACC0E4000F99A5 /* Release */,
			);
			defaultConfigurationIsVisible = 0;
			defaultConfigurationName = Release;
		};
		DB05EB141DACC0E4000F99A5 /* Build configuration list for PBXNativeTarget "OperationQueueTests" */ = {
			isa = XCConfigurationList;
			buildConfigurations = (
				DB05EB151DACC0E4000F99A5 /* Debug */,
				DB05EB161DACC0E4000F99A5 /* Release */,
			);
			defaultConfigurationIsVisible = 0;
			defaultConfigurationName = Release;
		};
		DB05EB171DACC0E4000F99A5 /* Build configuration list for PBXNativeTarget "OperationQueueUITests" */ = {
			isa = XCConfigurationList;
			buildConfigurations = (
				DB05EB181DACC0E4000F99A5 /* Debug */,
				DB05EB191DACC0E4000F99A5 /* Release */,
			);
			defaultConfigurationIsVisible = 0;
			defaultConfigurationName = Release;
		};
/* End XCConfigurationList section */
	};
	rootObject = DB05EADC1DACC0E4000F99A5 /* Project object */;
}
